
Microsoft Visual Studio Solution File, Format Version 12.00
# Visual Studio Version 17
VisualStudioVersion = 17.3.32901.215
MinimumVisualStudioVersion = 10.0.40219.1
Project("{FAE04EC0-301F-11D3-BF4B-00C04F79EFBC}") = "exer2", "exer2\exer2.csproj", "{A6DB8927-B0B3-40A2-BCF5-BA0B5BC75826}"
EndProject
Global
	GlobalSection(SolutionConfigurationPlatforms) = preSolution
		Debug|Any CPU = Debug|Any CPU
		Release|Any CPU = Release|Any CPU
	EndGlobalSection
	GlobalSection(ProjectConfigurationPlatforms) = postSolution
		{A6DB8927-B0B3-40A2-BCF5-BA0B5BC75826}.Debug|Any CPU.ActiveCfg = Debug|Any CPU
		{A6DB8927-B0B3-40A2-BCF5-BA0B5BC75826}.Debug|Any CPU.Build.0 = Debug|Any CPU
		{A6DB8927-B0B3-40A2-BCF5-BA0B5BC75826}.Release|Any CPU.ActiveCfg = Release|Any CPU
		{A6DB8927-B0B3-40A2-BCF5-BA0B5BC75826}.Release|Any CPU.Build.0 = Release|Any CPU
	EndGlobalSection
	GlobalSection(SolutionProperties) = preSolution
		HideSolutionNode = FALSE
	EndGlobalSection
	GlobalSection(ExtensibilityGlobals) = postSolution
		SolutionGuid = {38CEBD1A-F5F4-418C-AB29-5AF5BA30B4B1}
	EndGlobalSection
EndGlobal
